# This file is automatically @generated by Cargo.
# It is not intended for manual editing.
[[package]]
name = "bit-vec"
version = "0.4.4"
source = "registry+https://github.com/rust-lang/crates.io-index"
checksum = "02b4ff8b16e6076c3e14220b39fbc1fabb6737522281a388998046859400895f"

[[package]]
name = "bloom"
version = "0.3.2"
source = "registry+https://github.com/rust-lang/crates.io-index"
checksum = "d00ac8e5056d6d65376a3c1aa5c7c34850d6949ace17f0266953a254eb3d6fe8"
dependencies = [
 "bit-vec",
]

[[package]]
name = "day23"
version = "0.1.0"
dependencies = [
 "bloom",
 "itertools",
]

[[package]]
name = "either"
version = "1.6.1"
source = "registry+https://github.com/rust-lang/crates.io-index"
checksum = "e78d4f1cc4ae33bbfc157ed5d5a5ef3bc29227303d595861deb238fcec4e9457"

[[package]]
name = "itertools"
version = "0.9.0"
source = "registry+https://github.com/rust-lang/crates.io-index"
checksum = "284f18f85651fe11e8a991b2adb42cb078325c996ed026d994719efcfca1d54b"
dependencies = [
 "either",
]
